
Microsoft Visual Studio Solution File, Format Version 12.00
# Visual Studio 15
VisualStudioVersion = 15.0.26730.12
MinimumVisualStudioVersion = 10.0.40219.1
Project("{FAE04EC0-301F-11D3-BF4B-00C04F79EFBC}") = "dbRad", "dbRad\dbRad.csproj", "{A61EA3CE-7629-40B6-B530-3B51DC32E123}"
EndProject
Project("{54435603-DBB4-11D2-8724-00A0C9A8B90C}") = "Setup", "Setup\Setup.vdproj", "{94353D02-FAF6-4C83-A59E-155BAC276F6D}"
EndProject
Global
	GlobalSection(SolutionConfigurationPlatforms) = preSolution
		Debug|Any CPU = Debug|Any CPU
		Development|Any CPU = Development|Any CPU
		Release|Any CPU = Release|Any CPU
	EndGlobalSection
	GlobalSection(ProjectConfigurationPlatforms) = postSolution
		{A61EA3CE-7629-40B6-B530-3B51DC32E123}.Debug|Any CPU.ActiveCfg = Release|Any CPU
		{A61EA3CE-7629-40B6-B530-3B51DC32E123}.Debug|Any CPU.Build.0 = Release|Any CPU
		{A61EA3CE-7629-40B6-B530-3B51DC32E123}.Development|Any CPU.ActiveCfg = Release|Any CPU
		{A61EA3CE-7629-40B6-B530-3B51DC32E123}.Development|Any CPU.Build.0 = Release|Any CPU
		{A61EA3CE-7629-40B6-B530-3B51DC32E123}.Release|Any CPU.ActiveCfg = Release|Any CPU
		{A61EA3CE-7629-40B6-B530-3B51DC32E123}.Release|Any CPU.Build.0 = Release|Any CPU
		{94353D02-FAF6-4C83-A59E-155BAC276F6D}.Debug|Any CPU.ActiveCfg = Debug
		{94353D02-FAF6-4C83-A59E-155BAC276F6D}.Debug|Any CPU.Build.0 = Debug
		{94353D02-FAF6-4C83-A59E-155BAC276F6D}.Development|Any CPU.ActiveCfg = Debug
		{94353D02-FAF6-4C83-A59E-155BAC276F6D}.Development|Any CPU.Build.0 = Debug
		{94353D02-FAF6-4C83-A59E-155BAC276F6D}.Release|Any CPU.ActiveCfg = Release
		{94353D02-FAF6-4C83-A59E-155BAC276F6D}.Release|Any CPU.Build.0 = Release
	EndGlobalSection
	GlobalSection(SolutionProperties) = preSolution
		HideSolutionNode = FALSE
	EndGlobalSection
	GlobalSection(ExtensibilityGlobals) = postSolution
		SolutionGuid = {919E011F-8AEC-40A4-A885-B5A993435840}
	EndGlobalSection
EndGlobal
